
Microsoft Visual Studio Solution File, Format Version 12.00
# Visual Studio Version 16
VisualStudioVersion = 16.0.30413.136
MinimumVisualStudioVersion = 10.0.40219.1
Project("{9A19103F-16F7-4668-BE54-9A1E7A4F7556}") = "Train", "ArraysExercise\Train.csproj", "{F903AAB3-F1ED-40A1-82FD-B2A480412669}"
EndProject
Project("{9A19103F-16F7-4668-BE54-9A1E7A4F7556}") = "CommonArrays", "CommonArrays\CommonArrays.csproj", "{F7AAA246-B923-47EE-97F5-2C78859D2D48}"
EndProject
Project("{9A19103F-16F7-4668-BE54-9A1E7A4F7556}") = "ZigZagArrays", "ZigZagArrays\ZigZagArrays.csproj", "{8C5CE759-E30E-467C-B497-4F73DAFAF4D3}"
EndProject
Project("{9A19103F-16F7-4668-BE54-9A1E7A4F7556}") = "ArrayRotation", "ArrayRotation\ArrayRotation.csproj", "{858F13EC-10A7-495F-9441-89F5735BE2CB}"
EndProject
Project("{9A19103F-16F7-4668-BE54-9A1E7A4F7556}") = "TopIntegers", "TopIntegers\TopIntegers.csproj", "{966B34FA-F0A6-49D1-8846-AF8E244B3883}"
EndProject
Project("{FAE04EC0-301F-11D3-BF4B-00C04F79EFBC}") = "EqualSums", "EqualSums\EqualSums.csproj", "{21D83429-9A1B-4A32-B428-F0B9A90EC76D}"
EndProject
Project("{FAE04EC0-301F-11D3-BF4B-00C04F79EFBC}") = "MaxSequenceOfEqualElements", "MaxSequenceOfEqualElements\MaxSequenceOfEqualElements.csproj", "{88A0F6C2-093F-4D43-9E8B-40EB8433DE12}"
EndProject
Project("{FAE04EC0-301F-11D3-BF4B-00C04F79EFBC}") = "MagicSum", "MagicSum\MagicSum.csproj", "{F04005C4-972C-41C1-844D-9BCFEF322C6C}"
EndProject
Project("{FAE04EC0-301F-11D3-BF4B-00C04F79EFBC}") = "KaminoFactory", "KaminoFactory\KaminoFactory.csproj", "{FE6C3043-7176-4DC3-B63B-7AAFDEEDA9A4}"
EndProject
Global
	GlobalSection(SolutionConfigurationPlatforms) = preSolution
		Debug|Any CPU = Debug|Any CPU
		Release|Any CPU = Release|Any CPU
	EndGlobalSection
	GlobalSection(ProjectConfigurationPlatforms) = postSolution
		{F903AAB3-F1ED-40A1-82FD-B2A480412669}.Debug|Any CPU.ActiveCfg = Debug|Any CPU
		{F903AAB3-F1ED-40A1-82FD-B2A480412669}.Debug|Any CPU.Build.0 = Debug|Any CPU
		{F903AAB3-F1ED-40A1-82FD-B2A480412669}.Release|Any CPU.ActiveCfg = Release|Any CPU
		{F903AAB3-F1ED-40A1-82FD-B2A480412669}.Release|Any CPU.Build.0 = Release|Any CPU
		{F7AAA246-B923-47EE-97F5-2C78859D2D48}.Debug|Any CPU.ActiveCfg = Debug|Any CPU
		{F7AAA246-B923-47EE-97F5-2C78859D2D48}.Debug|Any CPU.Build.0 = Debug|Any CPU
		{F7AAA246-B923-47EE-97F5-2C78859D2D48}.Release|Any CPU.ActiveCfg = Release|Any CPU
		{F7AAA246-B923-47EE-97F5-2C78859D2D48}.Release|Any CPU.Build.0 = Release|Any CPU
		{8C5CE759-E30E-467C-B497-4F73DAFAF4D3}.Debug|Any CPU.ActiveCfg = Debug|Any CPU
		{8C5CE759-E30E-467C-B497-4F73DAFAF4D3}.Debug|Any CPU.Build.0 = Debug|Any CPU
		{8C5CE759-E30E-467C-B497-4F73DAFAF4D3}.Release|Any CPU.ActiveCfg = Release|Any CPU
		{8C5CE759-E30E-467C-B497-4F73DAFAF4D3}.Release|Any CPU.Build.0 = Release|Any CPU
		{858F13EC-10A7-495F-9441-89F5735BE2CB}.Debug|Any CPU.ActiveCfg = Debug|Any CPU
		{858F13EC-10A7-495F-9441-89F5735BE2CB}.Debug|Any CPU.Build.0 = Debug|Any CPU
		{858F13EC-10A7-495F-9441-89F5735BE2CB}.Release|Any CPU.ActiveCfg = Release|Any CPU
		{858F13EC-10A7-495F-9441-89F5735BE2CB}.Release|Any CPU.Build.0 = Release|Any CPU
		{966B34FA-F0A6-49D1-8846-AF8E244B3883}.Debug|Any CPU.ActiveCfg = Debug|Any CPU
		{966B34FA-F0A6-49D1-8846-AF8E244B3883}.Debug|Any CPU.Build.0 = Debug|Any CPU
		{966B34FA-F0A6-49D1-8846-AF8E244B3883}.Release|Any CPU.ActiveCfg = Release|Any CPU
		{966B34FA-F0A6-49D1-8846-AF8E244B3883}.Release|Any CPU.Build.0 = Release|Any CPU
		{21D83429-9A1B-4A32-B428-F0B9A90EC76D}.Debug|Any CPU.ActiveCfg = Debug|Any CPU
		{21D83429-9A1B-4A32-B428-F0B9A90EC76D}.Debug|Any CPU.Build.0 = Debug|Any CPU
		{21D83429-9A1B-4A32-B428-F0B9A90EC76D}.Release|Any CPU.ActiveCfg = Release|Any CPU
		{21D83429-9A1B-4A32-B428-F0B9A90EC76D}.Release|Any CPU.Build.0 = Release|Any CPU
		{88A0F6C2-093F-4D43-9E8B-40EB8433DE12}.Debug|Any CPU.ActiveCfg = Debug|Any CPU
		{88A0F6C2-093F-4D43-9E8B-40EB8433DE12}.Debug|Any CPU.Build.0 = Debug|Any CPU
		{88A0F6C2-093F-4D43-9E8B-40EB8433DE12}.Release|Any CPU.ActiveCfg = Release|Any CPU
		{88A0F6C2-093F-4D43-9E8B-40EB8433DE12}.Release|Any CPU.Build.0 = Release|Any CPU
		{F04005C4-972C-41C1-844D-9BCFEF322C6C}.Debug|Any CPU.ActiveCfg = Debug|Any CPU
		{F04005C4-972C-41C1-844D-9BCFEF322C6C}.Debug|Any CPU.Build.0 = Debug|Any CPU
		{F04005C4-972C-41C1-844D-9BCFEF322C6C}.Release|Any CPU.ActiveCfg = Release|Any CPU
		{F04005C4-972C-41C1-844D-9BCFEF322C6C}.Release|Any CPU.Build.0 = Release|Any CPU
		{FE6C3043-7176-4DC3-B63B-7AAFDEEDA9A4}.Debug|Any CPU.ActiveCfg = Debug|Any CPU
		{FE6C3043-7176-4DC3-B63B-7AAFDEEDA9A4}.Debug|Any CPU.Build.0 = Debug|Any CPU
		{FE6C3043-7176-4DC3-B63B-7AAFDEEDA9A4}.Release|Any CPU.ActiveCfg = Release|Any CPU
		{FE6C3043-7176-4DC3-B63B-7AAFDEEDA9A4}.Release|Any CPU.Build.0 = Release|Any CPU
	EndGlobalSection
	GlobalSection(SolutionProperties) = preSolution
		HideSolutionNode = FALSE
	EndGlobalSection
	GlobalSection(ExtensibilityGlobals) = postSolution
		SolutionGuid = {F7923D16-44D4-499D-9C4B-55719CC05C37}
	EndGlobalSection
EndGlobal
